
Microsoft Visual Studio Solution File, Format Version 12.00
# Visual Studio Version 17
VisualStudioVersion = 17.3.32929.385
MinimumVisualStudioVersion = 10.0.40219.1
Project("{FAE04EC0-301F-11D3-BF4B-00C04F79EFBC}") = "Constructers", "Constructers\Constructers.csproj", "{162BD691-92C1-4AAD-9BB4-9B3B810B2D0D}"
EndProject
Global
	GlobalSection(SolutionConfigurationPlatforms) = preSolution
		Debug|Any CPU = Debug|Any CPU
		Release|Any CPU = Release|Any CPU
	EndGlobalSection
	GlobalSection(ProjectConfigurationPlatforms) = postSolution
		{162BD691-92C1-4AAD-9BB4-9B3B810B2D0D}.Debug|Any CPU.ActiveCfg = Debug|Any CPU
		{162BD691-92C1-4AAD-9BB4-9B3B810B2D0D}.Debug|Any CPU.Build.0 = Debug|Any CPU
		{162BD691-92C1-4AAD-9BB4-9B3B810B2D0D}.Release|Any CPU.ActiveCfg = Release|Any CPU
		{162BD691-92C1-4AAD-9BB4-9B3B810B2D0D}.Release|Any CPU.Build.0 = Release|Any CPU
	EndGlobalSection
	GlobalSection(SolutionProperties) = preSolution
		HideSolutionNode = FALSE
	EndGlobalSection
	GlobalSection(ExtensibilityGlobals) = postSolution
		SolutionGuid = {63786B38-6CB0-49D1-9405-D5FCB296F75E}
	EndGlobalSection
EndGlobal
